github.com/hashicorp/yamux v0.1.1 h1:yrQxtgseBDrq9Y652vSRDvsKCJKOUD+GzTS4Y0Y8pvE=
github.com/hashicorp/yamux v0.1.1/go.mod h1:CtWFDAQgb7dxtzFs4tWbplKIe2jSi3+5vKbgIO0SLnQ=
github.com/hashicorp/yamux v0.1.2 h1:XtB8kyFOyHXYVFnwT5C3+Bdo8gArse7j2AQ0DA0Uey8=
github.com/hashicorp/yamux v0.1.2/go.mod h1:C+zze2n6e/7wshOZep2A70/aQU6QBRWJO/G6FT1wIns=
github.com/shynome/err0 v0.1.0 h1:+cWnUkE2kZ9fFTTOrgSkoPzBuSppywI9gd0EFQrFaDw=
github.com/shynome/err0 v0.1.0/go.mod h1:n5YVOAf8QSa8LMWWFKCXoHQjAjwjywKFiORV/btN3Aw=
github.com/shynome/err0 v0.2.1 h1:pzSF+IDP59C94KVQb+zg/ZU8DC1CrIzJNjFQS3XjEvA=
github.com/shynome/err0 v0.2.1/go.mod h1:n5YVOAf8QSa8LMWWFKCXoHQjAjwjywKFiORV/btN3Aw=
